
Microsoft Visual Studio Solution File, Format Version 12.00
# Visual Studio Version 17
VisualStudioVersion = 17.11.35312.102
MinimumVisualStudioVersion = 10.0.40219.1
Project("{9A19103F-16F7-4668-BE54-9A1E7A4F7556}") = "SweetDictionary.Models", "SweetDictionary.Models\SweetDictionary.Models.csproj", "{CBF12FD0-500D-4271-9364-6A176249DC41}"
EndProject
Project("{9A19103F-16F7-4668-BE54-9A1E7A4F7556}") = "SweetDictionary.Repository", "SweetDictionary.Repository\SweetDictionary.Repository.csproj", "{10CC4C2F-2596-4E02-9747-51CAD081FE7B}"
EndProject
Project("{9A19103F-16F7-4668-BE54-9A1E7A4F7556}") = "SweetDictionary.WebApi", "SweetDictionary.WebApi\SweetDictionary.WebApi.csproj", "{18D46F7D-BCEE-49E4-AB33-C5D0C577D645}"
EndProject
Project("{9A19103F-16F7-4668-BE54-9A1E7A4F7556}") = "Core", "Core\Core.csproj", "{659C4EA6-930A-4223-BC04-81312EFDC156}"
EndProject
Project("{9A19103F-16F7-4668-BE54-9A1E7A4F7556}") = "SweetDictionary.Service", "SweetDictionary.Service\SweetDictionary.Service.csproj", "{05D03D0F-692B-4773-955B-5C931FD206C6}"
EndProject
Global
	GlobalSection(SolutionConfigurationPlatforms) = preSolution
		Debug|Any CPU = Debug|Any CPU
		Release|Any CPU = Release|Any CPU
	EndGlobalSection
	GlobalSection(ProjectConfigurationPlatforms) = postSolution
		{CBF12FD0-500D-4271-9364-6A176249DC41}.Debug|Any CPU.ActiveCfg = Debug|Any CPU
		{CBF12FD0-500D-4271-9364-6A176249DC41}.Debug|Any CPU.Build.0 = Debug|Any CPU
		{CBF12FD0-500D-4271-9364-6A176249DC41}.Release|Any CPU.ActiveCfg = Release|Any CPU
		{CBF12FD0-500D-4271-9364-6A176249DC41}.Release|Any CPU.Build.0 = Release|Any CPU
		{10CC4C2F-2596-4E02-9747-51CAD081FE7B}.Debug|Any CPU.ActiveCfg = Debug|Any CPU
		{10CC4C2F-2596-4E02-9747-51CAD081FE7B}.Debug|Any CPU.Build.0 = Debug|Any CPU
		{10CC4C2F-2596-4E02-9747-51CAD081FE7B}.Release|Any CPU.ActiveCfg = Release|Any CPU
		{10CC4C2F-2596-4E02-9747-51CAD081FE7B}.Release|Any CPU.Build.0 = Release|Any CPU
		{18D46F7D-BCEE-49E4-AB33-C5D0C577D645}.Debug|Any CPU.ActiveCfg = Debug|Any CPU
		{18D46F7D-BCEE-49E4-AB33-C5D0C577D645}.Debug|Any CPU.Build.0 = Debug|Any CPU
		{18D46F7D-BCEE-49E4-AB33-C5D0C577D645}.Release|Any CPU.ActiveCfg = Release|Any CPU
		{18D46F7D-BCEE-49E4-AB33-C5D0C577D645}.Release|Any CPU.Build.0 = Release|Any CPU
		{659C4EA6-930A-4223-BC04-81312EFDC156}.Debug|Any CPU.ActiveCfg = Debug|Any CPU
		{659C4EA6-930A-4223-BC04-81312EFDC156}.Debug|Any CPU.Build.0 = Debug|Any CPU
		{659C4EA6-930A-4223-BC04-81312EFDC156}.Release|Any CPU.ActiveCfg = Release|Any CPU
		{659C4EA6-930A-4223-BC04-81312EFDC156}.Release|Any CPU.Build.0 = Release|Any CPU
		{05D03D0F-692B-4773-955B-5C931FD206C6}.Debug|Any CPU.ActiveCfg = Debug|Any CPU
		{05D03D0F-692B-4773-955B-5C931FD206C6}.Debug|Any CPU.Build.0 = Debug|Any CPU
		{05D03D0F-692B-4773-955B-5C931FD206C6}.Release|Any CPU.ActiveCfg = Release|Any CPU
		{05D03D0F-692B-4773-955B-5C931FD206C6}.Release|Any CPU.Build.0 = Release|Any CPU
	EndGlobalSection
	GlobalSection(SolutionProperties) = preSolution
		HideSolutionNode = FALSE
	EndGlobalSection
	GlobalSection(ExtensibilityGlobals) = postSolution
		SolutionGuid = {D65E619B-DAD7-4B3B-B341-169D1851914B}
	EndGlobalSection
EndGlobal
